
Microsoft Visual Studio Solution File, Format Version 12.00
# Visual Studio 15
VisualStudioVersion = 15.0.28010.2046
MinimumVisualStudioVersion = 10.0.40219.1
Project("{FAE04EC0-301F-11D3-BF4B-00C04F79EFBC}") = "LAB8FORM", "LAB8FORM\LAB8FORM.csproj", "{F720F5CA-9126-4A90-B6CD-C1EC3CB2A489}"
EndProject
Global
	GlobalSection(SolutionConfigurationPlatforms) = preSolution
		Debug|Any CPU = Debug|Any CPU
		Release|Any CPU = Release|Any CPU
	EndGlobalSection
	GlobalSection(ProjectConfigurationPlatforms) = postSolution
		{F720F5CA-9126-4A90-B6CD-C1EC3CB2A489}.Debug|Any CPU.ActiveCfg = Debug|Any CPU
		{F720F5CA-9126-4A90-B6CD-C1EC3CB2A489}.Debug|Any CPU.Build.0 = Debug|Any CPU
		{F720F5CA-9126-4A90-B6CD-C1EC3CB2A489}.Release|Any CPU.ActiveCfg = Release|Any CPU
		{F720F5CA-9126-4A90-B6CD-C1EC3CB2A489}.Release|Any CPU.Build.0 = Release|Any CPU
	EndGlobalSection
	GlobalSection(SolutionProperties) = preSolution
		HideSolutionNode = FALSE
	EndGlobalSection
	GlobalSection(ExtensibilityGlobals) = postSolution
		SolutionGuid = {258DA3EA-EA70-4AF1-BC8D-16F1476E808A}
	EndGlobalSection
EndGlobal
